<?xml version="1.0" encoding="utf-8"?>
<Project ToolsVersion="4.0" xmlns="http://schemas.microsoft.com/developer/msbuild/2003">
  <ItemGroup>
    <ClCompile Include="Bank_inOPP_inCPP.cpp" />
  </ItemGroup>
  <ItemGroup>
    <ClInclude Include="clsAddNewClient.h" />
    <ClInclude Include="clsAddNewUser.h" />
    <ClInclude Include="clsBankClient.h" />
    <ClInclude Include="clsClientListScreen.h" />
    <ClInclude Include="clsDate.h" />
    <ClInclude Include="clsDeleteClientScreen.h" />
    <ClInclude Include="clsDepositScreen.h" />
    <ClInclude Include="clsFindClientScreen.h" />
    <ClInclude Include="clsInputValidate.h" />
    <ClInclude Include="clsMainScreen.h" />
    <ClInclude Include="clsManageUsersScreen.h" />
    <ClInclude Include="clsPerson.h" />
    <ClInclude Include="clsScreen.h" />
    <ClInclude Include="clsString.h" />
    <ClInclude Include="clsTotalBalanceScreen.h" />
    <ClInclude Include="clsTransactionScreen.h" />
    <ClInclude Include="clsUpdateClientScreen.h" />
    <ClInclude Include="clsUser.h" />
    <ClInclude Include="clsUsersListScreen.h" />
    <ClInclude Include="clsUtil.h" />
    <ClInclude Include="clsWithdrawScreen.h" />
    <ClInclude Include="clsUpdateUserScreen.h" />
    <ClInclude Include="clsDeleteUserScreen.h" />
    <ClInclude Include="clsUserFindScreen.h" />
    <ClInclude Include="Global.h" />
    <ClInclude Include="clsLoginScreen.h" />
  </ItemGroup>
  <ItemGroup>
    <Text Include="Clients.txt" />
    <Text Include="Users.txt" />
  </ItemGroup>
</Project>